
Microsoft Visual Studio Solution File, Format Version 12.00
# Visual Studio Version 16
VisualStudioVersion = 16.0.29102.190
MinimumVisualStudioVersion = 10.0.40219.1
Project("{FAE04EC0-301F-11D3-BF4B-00C04F79EFBC}") = "ProgrammingPatternExamples", "ProgrammingPatternExamples.csproj", "{4DFCBE31-30E9-425B-B404-D042E645A3CC}"
EndProject
Global
	GlobalSection(SolutionConfigurationPlatforms) = preSolution
		Debug|Any CPU = Debug|Any CPU
		Release|Any CPU = Release|Any CPU
	EndGlobalSection
	GlobalSection(ProjectConfigurationPlatforms) = postSolution
		{4DFCBE31-30E9-425B-B404-D042E645A3CC}.Debug|Any CPU.ActiveCfg = Debug|Any CPU
		{4DFCBE31-30E9-425B-B404-D042E645A3CC}.Debug|Any CPU.Build.0 = Debug|Any CPU
		{4DFCBE31-30E9-425B-B404-D042E645A3CC}.Release|Any CPU.ActiveCfg = Release|Any CPU
		{4DFCBE31-30E9-425B-B404-D042E645A3CC}.Release|Any CPU.Build.0 = Release|Any CPU
	EndGlobalSection
	GlobalSection(SolutionProperties) = preSolution
		HideSolutionNode = FALSE
	EndGlobalSection
	GlobalSection(ExtensibilityGlobals) = postSolution
		SolutionGuid = {B5431B13-ACFF-4723-8212-99ADBA82DAD1}
	EndGlobalSection
EndGlobal
